
Microsoft Visual Studio Solution File, Format Version 12.00
# Visual Studio Version 17
VisualStudioVersion = 17.9.34902.65
MinimumVisualStudioVersion = 10.0.40219.1
Project("{9A19103F-16F7-4668-BE54-9A1E7A4F7556}") = "Inmo.API", "InmobAPI\Inmo.API.csproj", "{9C3A7660-2FEF-49F3-8C4A-3E62B11F635B}"
EndProject
Project("{9A19103F-16F7-4668-BE54-9A1E7A4F7556}") = "Inmo.App", "Inmo.App\Inmo.App.csproj", "{D6E83723-FF9A-4299-B962-F0C7C3B638FC}"
EndProject
Project("{9A19103F-16F7-4668-BE54-9A1E7A4F7556}") = "Inmo.Infra", "Inmo.Infra\Inmo.Infra.csproj", "{2C8308FC-42D9-4F5D-B5C5-86C2E6FCD2D2}"
EndProject
Project("{9A19103F-16F7-4668-BE54-9A1E7A4F7556}") = "Inmo.Dominio", "Inmo.Dominio\Inmo.Dominio.csproj", "{691776B0-DED8-45B0-8F19-22BEC7E470DA}"
EndProject
Project("{2150E333-8FDC-42A3-9474-1A3956D46DE8}") = "Elementos de la solución", "Elementos de la solución", "{E7A1E6FF-5F85-4827-8A42-2061430DFD67}"
	ProjectSection(SolutionItems) = preProject
		Dockerfile = Dockerfile
	EndProjectSection
EndProject
Global
	GlobalSection(SolutionConfigurationPlatforms) = preSolution
		Debug|Any CPU = Debug|Any CPU
		Release|Any CPU = Release|Any CPU
	EndGlobalSection
	GlobalSection(ProjectConfigurationPlatforms) = postSolution
		{9C3A7660-2FEF-49F3-8C4A-3E62B11F635B}.Debug|Any CPU.ActiveCfg = Debug|Any CPU
		{9C3A7660-2FEF-49F3-8C4A-3E62B11F635B}.Debug|Any CPU.Build.0 = Debug|Any CPU
		{9C3A7660-2FEF-49F3-8C4A-3E62B11F635B}.Release|Any CPU.ActiveCfg = Release|Any CPU
		{9C3A7660-2FEF-49F3-8C4A-3E62B11F635B}.Release|Any CPU.Build.0 = Release|Any CPU
		{D6E83723-FF9A-4299-B962-F0C7C3B638FC}.Debug|Any CPU.ActiveCfg = Debug|Any CPU
		{D6E83723-FF9A-4299-B962-F0C7C3B638FC}.Debug|Any CPU.Build.0 = Debug|Any CPU
		{D6E83723-FF9A-4299-B962-F0C7C3B638FC}.Release|Any CPU.ActiveCfg = Release|Any CPU
		{D6E83723-FF9A-4299-B962-F0C7C3B638FC}.Release|Any CPU.Build.0 = Release|Any CPU
		{2C8308FC-42D9-4F5D-B5C5-86C2E6FCD2D2}.Debug|Any CPU.ActiveCfg = Debug|Any CPU
		{2C8308FC-42D9-4F5D-B5C5-86C2E6FCD2D2}.Debug|Any CPU.Build.0 = Debug|Any CPU
		{2C8308FC-42D9-4F5D-B5C5-86C2E6FCD2D2}.Release|Any CPU.ActiveCfg = Release|Any CPU
		{2C8308FC-42D9-4F5D-B5C5-86C2E6FCD2D2}.Release|Any CPU.Build.0 = Release|Any CPU
		{691776B0-DED8-45B0-8F19-22BEC7E470DA}.Debug|Any CPU.ActiveCfg = Debug|Any CPU
		{691776B0-DED8-45B0-8F19-22BEC7E470DA}.Debug|Any CPU.Build.0 = Debug|Any CPU
		{691776B0-DED8-45B0-8F19-22BEC7E470DA}.Release|Any CPU.ActiveCfg = Release|Any CPU
		{691776B0-DED8-45B0-8F19-22BEC7E470DA}.Release|Any CPU.Build.0 = Release|Any CPU
	EndGlobalSection
	GlobalSection(SolutionProperties) = preSolution
		HideSolutionNode = FALSE
	EndGlobalSection
	GlobalSection(ExtensibilityGlobals) = postSolution
		SolutionGuid = {805A6AF0-8140-4E73-8007-50176F1EE56E}
	EndGlobalSection
EndGlobal
